
Microsoft Visual Studio Solution File, Format Version 11.00
# Visual Studio 2010
Project("{FAE04EC0-301F-11D3-BF4B-00C04F79EFBC}") = "DisplayGroups", "DisplayGroups\DisplayGroups.csproj", "{4CE13DA7-D68D-4ED9-97A3-1B001AF62FF0}"
EndProject
Global
	GlobalSection(TeamFoundationVersionControl) = preSolution
		SccNumberOfProjects = 2
		SccEnterpriseProvider = {4CA58AB2-18FA-4F8D-95D4-32DDF27D184C}
		SccTeamFoundationServer = http://bharrywin7:8080/tfs/defaultcollection
		SccLocalPath0 = .
		SccProjectUniqueName1 = DisplayGroups\\DisplayGroups.csproj
		SccProjectName1 = DisplayGroups
		SccLocalPath1 = DisplayGroups
	EndGlobalSection
	GlobalSection(SolutionConfigurationPlatforms) = preSolution
		Debug|x86 = Debug|x86
		Release|x86 = Release|x86
	EndGlobalSection
	GlobalSection(ProjectConfigurationPlatforms) = postSolution
		{4CE13DA7-D68D-4ED9-97A3-1B001AF62FF0}.Debug|x86.ActiveCfg = Debug|x86
		{4CE13DA7-D68D-4ED9-97A3-1B001AF62FF0}.Debug|x86.Build.0 = Debug|x86
		{4CE13DA7-D68D-4ED9-97A3-1B001AF62FF0}.Release|x86.ActiveCfg = Release|x86
		{4CE13DA7-D68D-4ED9-97A3-1B001AF62FF0}.Release|x86.Build.0 = Release|x86
	EndGlobalSection
	GlobalSection(SolutionProperties) = preSolution
		HideSolutionNode = FALSE
	EndGlobalSection
EndGlobal
